
Microsoft Visual Studio Solution File, Format Version 12.00
# Visual Studio Version 17
VisualStudioVersion = 17.5.33530.505
MinimumVisualStudioVersion = 10.0.40219.1
Project("{9A19103F-16F7-4668-BE54-9A1E7A4F7556}") = "MusicProAPI", "MusicProAPI\MusicProAPI.csproj", "{8F2352E0-0AF1-4876-8C19-F7F87844FD79}"
EndProject
Project("{FAE04EC0-301F-11D3-BF4B-00C04F79EFBC}") = "MusicProTestApi", "MusicProTestApi\MusicProTestApi.csproj", "{8E8AE31D-11C0-47CE-83EE-60133A2E898A}"
EndProject
Global
	GlobalSection(SolutionConfigurationPlatforms) = preSolution
		Debug|Any CPU = Debug|Any CPU
		Release|Any CPU = Release|Any CPU
	EndGlobalSection
	GlobalSection(ProjectConfigurationPlatforms) = postSolution
		{8F2352E0-0AF1-4876-8C19-F7F87844FD79}.Debug|Any CPU.ActiveCfg = Debug|Any CPU
		{8F2352E0-0AF1-4876-8C19-F7F87844FD79}.Debug|Any CPU.Build.0 = Debug|Any CPU
		{8F2352E0-0AF1-4876-8C19-F7F87844FD79}.Release|Any CPU.ActiveCfg = Release|Any CPU
		{8F2352E0-0AF1-4876-8C19-F7F87844FD79}.Release|Any CPU.Build.0 = Release|Any CPU
		{8E8AE31D-11C0-47CE-83EE-60133A2E898A}.Debug|Any CPU.ActiveCfg = Debug|Any CPU
		{8E8AE31D-11C0-47CE-83EE-60133A2E898A}.Debug|Any CPU.Build.0 = Debug|Any CPU
		{8E8AE31D-11C0-47CE-83EE-60133A2E898A}.Release|Any CPU.ActiveCfg = Release|Any CPU
		{8E8AE31D-11C0-47CE-83EE-60133A2E898A}.Release|Any CPU.Build.0 = Release|Any CPU
	EndGlobalSection
	GlobalSection(SolutionProperties) = preSolution
		HideSolutionNode = FALSE
	EndGlobalSection
	GlobalSection(ExtensibilityGlobals) = postSolution
		SolutionGuid = {1947C6FC-021A-4029-989E-E56E1337ABE3}
	EndGlobalSection
EndGlobal
